
Microsoft Visual Studio Solution File, Format Version 12.00
# Visual Studio Version 17
VisualStudioVersion = 17.12.35521.163 d17.12
MinimumVisualStudioVersion = 10.0.40219.1
Project("{FAE04EC0-301F-11D3-BF4B-00C04F79EFBC}") = "ConsoleApp87", "ConsoleApp87.csproj", "{F8C031E9-08E8-403D-864D-D2417FECC278}"
EndProject
Project("{FAE04EC0-301F-11D3-BF4B-00C04F79EFBC}") = "ConsoleApp88", "..\ConsoleApp88\ConsoleApp88.csproj", "{CAD7D856-2AA8-429C-AFC7-3D4462351221}"
EndProject
Global
	GlobalSection(SolutionConfigurationPlatforms) = preSolution
		Debug|Any CPU = Debug|Any CPU
		Release|Any CPU = Release|Any CPU
	EndGlobalSection
	GlobalSection(ProjectConfigurationPlatforms) = postSolution
		{F8C031E9-08E8-403D-864D-D2417FECC278}.Debug|Any CPU.ActiveCfg = Debug|Any CPU
		{F8C031E9-08E8-403D-864D-D2417FECC278}.Debug|Any CPU.Build.0 = Debug|Any CPU
		{F8C031E9-08E8-403D-864D-D2417FECC278}.Release|Any CPU.ActiveCfg = Release|Any CPU
		{F8C031E9-08E8-403D-864D-D2417FECC278}.Release|Any CPU.Build.0 = Release|Any CPU
		{CAD7D856-2AA8-429C-AFC7-3D4462351221}.Debug|Any CPU.ActiveCfg = Debug|Any CPU
		{CAD7D856-2AA8-429C-AFC7-3D4462351221}.Debug|Any CPU.Build.0 = Debug|Any CPU
		{CAD7D856-2AA8-429C-AFC7-3D4462351221}.Release|Any CPU.ActiveCfg = Release|Any CPU
		{CAD7D856-2AA8-429C-AFC7-3D4462351221}.Release|Any CPU.Build.0 = Release|Any CPU
	EndGlobalSection
	GlobalSection(SolutionProperties) = preSolution
		HideSolutionNode = FALSE
	EndGlobalSection
EndGlobal
